{
  "name": "node-steam",
  "version": "1.0.0",
  "lockfileVersion": 3,
  "requires": true,
  "packages": {
    "": {
      "name": "node-steam",
      "version": "1.0.0",
      "license": "ISC",
      "dependencies": {
        "vdf-parser": "^1.2.1",
        "winreg": "^1.2.5"
      },
      "devDependencies": {
        "@types/winreg": "^1.2.36",
        "typescript": "^5.8.3"
      }
    },
    "node_modules/@types/winreg": {
      "version": "1.2.36",
      "resolved": "https://registry.npmjs.org/@types/winreg/-/winreg-1.2.36.tgz",
      "integrity": "sha512-DtafHy5A8hbaosXrbr7YdjQZaqVewXmiasRS5J4tYMzt3s1gkh40ixpxgVFfKiQ0JIYetTJABat47v9cpr/sQg==",
      "dev": true
    },
    "node_modules/typescript": {
      "version": "5.8.3",
      "resolved": "https://registry.npmjs.org/typescript/-/typescript-5.8.3.tgz",
      "integrity": "sha512-p1diW6TqL9L07nNxvRMM7hMMw4c5XOo/1ibL4aAIGmSAt9slTE1Xgw5KWuof2uTOvCg9BY7ZRi+GaF+7sfgPeQ==",
      "dev": true,
      "bin": {
        "tsc": "bin/tsc",
        "tsserver": "bin/tsserver"
      },
      "engines": {
        "node": ">=14.17"
      }
    },
    "node_modules/vdf-parser": {
      "version": "1.2.1",
      "resolved": "https://registry.npmjs.org/vdf-parser/-/vdf-parser-1.2.1.tgz",
      "integrity": "sha512-g5c73LP8NSebruEiVjOpV6KlN6xgVXBXc5UbexHWzjkatLJR++gUBhg76YqfJ9j4ZLfZ+Hv00592uiDywR+dWg=="
    },
    "node_modules/winreg": {
      "version": "1.2.5",
      "resolved": "https://registry.npmjs.org/winreg/-/winreg-1.2.5.tgz",
      "integrity": "sha512-uf7tHf+tw0B1y+x+mKTLHkykBgK2KMs3g+KlzmyMbLvICSHQyB/xOFjTT8qZ3oeTFyU7Bbj4FzXitGG6jvKhYw=="
    }
  }
}
